// !$*UTF8*$!
{
	archiveVersion = 1;
	classes = {
	};
	objectVersion = 56;
	objects = {

/* Begin PBXBuildFile section */
		1B05A50B2BB5DDC400C23E0F /* ChartsView.swift in Sources */ = {isa = PBXBuildFile; fileRef = 1B05A50A2BB5DDC400C23E0F /* ChartsView.swift */; };
		1B0714A32B925394000AA610 /* NewMovementFormView.swift in Sources */ = {isa = PBXBuildFile; fileRef = 1B0714A22B925394000AA610 /* NewMovementFormView.swift */; };
		1B0714A52B9253D4000AA610 /* SummaryView.swift in Sources */ = {isa = PBXBuildFile; fileRef = 1B0714A42B9253D4000AA610 /* SummaryView.swift */; };
		1B236BF92BB75AF0003BDD9C /* MonthListView.swift in Sources */ = {isa = PBXBuildFile; fileRef = 1B236BF82BB75AF0003BDD9C /* MonthListView.swift */; };
		1B2A15CB2BBC1A470068EDED /* AccountView.swift in Sources */ = {isa = PBXBuildFile; fileRef = 1B2A15CA2BBC1A470068EDED /* AccountView.swift */; };
		1B2D0ECF2B91005C00BB4F73 /* EURApp.swift in Sources */ = {isa = PBXBuildFile; fileRef = 1B2D0ECE2B91005C00BB4F73 /* EURApp.swift */; };
		1B2D0ED12B91005C00BB4F73 /* PrincepsView.swift in Sources */ = {isa = PBXBuildFile; fileRef = 1B2D0ED02B91005C00BB4F73 /* PrincepsView.swift */; };
		1B2D0ED32B91005D00BB4F73 /* Assets.xcassets in Resources */ = {isa = PBXBuildFile; fileRef = 1B2D0ED22B91005D00BB4F73 /* Assets.xcassets */; };
		1B2D0ED62B91005D00BB4F73 /* Preview Assets.xcassets in Resources */ = {isa = PBXBuildFile; fileRef = 1B2D0ED52B91005D00BB4F73 /* Preview Assets.xcassets */; };
		1B2D0EE52B9108CE00BB4F73 /* CompactExpenseView.swift in Sources */ = {isa = PBXBuildFile; fileRef = 1B2D0EE42B9108CE00BB4F73 /* CompactExpenseView.swift */; };
		1B2D0EE92B910E6100BB4F73 /* Expense.swift in Sources */ = {isa = PBXBuildFile; fileRef = 1B2D0EE82B910E6100BB4F73 /* Expense.swift */; };
		1B41B46E2BAE063600359F45 /* OutcomesIncomesView.swift in Sources */ = {isa = PBXBuildFile; fileRef = 1B41B46D2BAE063600359F45 /* OutcomesIncomesView.swift */; };
		1B43E4552BA31C460016AB7F /* DetailExpenseView.swift in Sources */ = {isa = PBXBuildFile; fileRef = 1B43E4542BA31C460016AB7F /* DetailExpenseView.swift */; };
		1B66A1332BA4C3FC005D2538 /* DevView.swift in Sources */ = {isa = PBXBuildFile; fileRef = 1B66A1322BA4C3FC005D2538 /* DevView.swift */; };
		1B83C9762BBC631600CB20EE /* EditOutcomeView.swift in Sources */ = {isa = PBXBuildFile; fileRef = 1B83C9752BBC631600CB20EE /* EditOutcomeView.swift */; };
		1B8D66152B9A6BEB00B80B4D /* PermanentStorage.swift in Sources */ = {isa = PBXBuildFile; fileRef = 1B8D66142B9A6BEB00B80B4D /* PermanentStorage.swift */; };
		1B8D66172B9B322400B80B4D /* Array+Ext.swift in Sources */ = {isa = PBXBuildFile; fileRef = 1B8D66162B9B322400B80B4D /* Array+Ext.swift */; };
		1BA23E432BB37EE9002B8D86 /* .gitignore in Resources */ = {isa = PBXBuildFile; fileRef = 1BA23E422BB37EE9002B8D86 /* .gitignore */; };
		1BA28D522BA6ECC100CA8841 /* CsvParsing.swift in Sources */ = {isa = PBXBuildFile; fileRef = 1BA28D512BA6ECC100CA8841 /* CsvParsing.swift */; };
		1BC1280B2B9D34FE0088BC26 /* Date+Ext.swift in Sources */ = {isa = PBXBuildFile; fileRef = 1BC1280A2B9D34FE0088BC26 /* Date+Ext.swift */; };
		1BC1280F2B9D40390088BC26 /* CalendarElements.swift in Sources */ = {isa = PBXBuildFile; fileRef = 1BC1280E2B9D40390088BC26 /* CalendarElements.swift */; };
		1BC128132B9D4F8F0088BC26 /* ChangeYearView.swift in Sources */ = {isa = PBXBuildFile; fileRef = 1BC128122B9D4F8F0088BC26 /* ChangeYearView.swift */; };
		1BDCAC422BB5DB3C00AEDF4E /* YearSummaryCompactView.swift in Sources */ = {isa = PBXBuildFile; fileRef = 1BDCAC412BB5DB3C00AEDF4E /* YearSummaryCompactView.swift */; };
		1BDFF4B02BACABAE00D14212 /* IncomeForm.swift in Sources */ = {isa = PBXBuildFile; fileRef = 1BDFF4AF2BACABAE00D14212 /* IncomeForm.swift */; };
		1BDFF4B22BACAE5200D14212 /* CompactIncomeView.swift in Sources */ = {isa = PBXBuildFile; fileRef = 1BDFF4B12BACAE5200D14212 /* CompactIncomeView.swift */; };
		1BDFF4B42BACB25200D14212 /* DetailIncomeView.swift in Sources */ = {isa = PBXBuildFile; fileRef = 1BDFF4B32BACB25200D14212 /* DetailIncomeView.swift */; };
		1BFD94202BBAE85600D71C3D /* AddCategory.swift in Sources */ = {isa = PBXBuildFile; fileRef = 1BFD941F2BBAE85600D71C3D /* AddCategory.swift */; };
		1BFF2DA12BAEDD7500C5F529 /* OutcomeForm.swift in Sources */ = {isa = PBXBuildFile; fileRef = 1BFF2DA02BAEDD7500C5F529 /* OutcomeForm.swift */; };
		1BFF2DA32BAEEA6800C5F529 /* MonthSummaryCompactView.swift in Sources */ = {isa = PBXBuildFile; fileRef = 1BFF2DA22BAEEA6800C5F529 /* MonthSummaryCompactView.swift */; };
/* End PBXBuildFile section */

/* Begin PBXFileReference section */
		1B05A50A2BB5DDC400C23E0F /* ChartsView.swift */ = {isa = PBXFileReference; lastKnownFileType = sourcecode.swift; path = ChartsView.swift; sourceTree = "<group>"; };
		1B0714A22B925394000AA610 /* NewMovementFormView.swift */ = {isa = PBXFileReference; lastKnownFileType = sourcecode.swift; path = NewMovementFormView.swift; sourceTree = "<group>"; };
		1B0714A42B9253D4000AA610 /* SummaryView.swift */ = {isa = PBXFileReference; lastKnownFileType = sourcecode.swift; path = SummaryView.swift; sourceTree = "<group>"; };
		1B236BF82BB75AF0003BDD9C /* MonthListView.swift */ = {isa = PBXFileReference; lastKnownFileType = sourcecode.swift; path = MonthListView.swift; sourceTree = "<group>"; };
		1B2A15CA2BBC1A470068EDED /* AccountView.swift */ = {isa = PBXFileReference; lastKnownFileType = sourcecode.swift; path = AccountView.swift; sourceTree = "<group>"; };
		1B2D0ECB2B91005C00BB4F73 /* EUR.app */ = {isa = PBXFileReference; explicitFileType = wrapper.application; includeInIndex = 0; path = EUR.app; sourceTree = BUILT_PRODUCTS_DIR; };
		1B2D0ECE2B91005C00BB4F73 /* EURApp.swift */ = {isa = PBXFileReference; lastKnownFileType = sourcecode.swift; path = EURApp.swift; sourceTree = "<group>"; };
		1B2D0ED02B91005C00BB4F73 /* PrincepsView.swift */ = {isa = PBXFileReference; lastKnownFileType = sourcecode.swift; path = PrincepsView.swift; sourceTree = "<group>"; };
		1B2D0ED22B91005D00BB4F73 /* Assets.xcassets */ = {isa = PBXFileReference; lastKnownFileType = folder.assetcatalog; path = Assets.xcassets; sourceTree = "<group>"; };
		1B2D0ED52B91005D00BB4F73 /* Preview Assets.xcassets */ = {isa = PBXFileReference; lastKnownFileType = folder.assetcatalog; path = "Preview Assets.xcassets"; sourceTree = "<group>"; };
		1B2D0EE42B9108CE00BB4F73 /* CompactExpenseView.swift */ = {isa = PBXFileReference; lastKnownFileType = sourcecode.swift; path = CompactExpenseView.swift; sourceTree = "<group>"; };
		1B2D0EE82B910E6100BB4F73 /* Expense.swift */ = {isa = PBXFileReference; lastKnownFileType = sourcecode.swift; path = Expense.swift; sourceTree = "<group>"; };
		1B41B46D2BAE063600359F45 /* OutcomesIncomesView.swift */ = {isa = PBXFileReference; lastKnownFileType = sourcecode.swift; path = OutcomesIncomesView.swift; sourceTree = "<group>"; };
		1B43E4542BA31C460016AB7F /* DetailExpenseView.swift */ = {isa = PBXFileReference; lastKnownFileType = sourcecode.swift; path = DetailExpenseView.swift; sourceTree = "<group>"; };
		1B66A1322BA4C3FC005D2538 /* DevView.swift */ = {isa = PBXFileReference; lastKnownFileType = sourcecode.swift; path = DevView.swift; sourceTree = "<group>"; };
		1B83C9752BBC631600CB20EE /* EditOutcomeView.swift */ = {isa = PBXFileReference; lastKnownFileType = sourcecode.swift; path = EditOutcomeView.swift; sourceTree = "<group>"; };
		1B8D66142B9A6BEB00B80B4D /* PermanentStorage.swift */ = {isa = PBXFileReference; lastKnownFileType = sourcecode.swift; path = PermanentStorage.swift; sourceTree = "<group>"; };
		1B8D66162B9B322400B80B4D /* Array+Ext.swift */ = {isa = PBXFileReference; lastKnownFileType = sourcecode.swift; path = "Array+Ext.swift"; sourceTree = "<group>"; };
		1BA23E422BB37EE9002B8D86 /* .gitignore */ = {isa = PBXFileReference; fileEncoding = 4; lastKnownFileType = text; path = .gitignore; sourceTree = SOURCE_ROOT; };
		1BA28D512BA6ECC100CA8841 /* CsvParsing.swift */ = {isa = PBXFileReference; lastKnownFileType = sourcecode.swift; path = CsvParsing.swift; sourceTree = "<group>"; };
		1BC1280A2B9D34FE0088BC26 /* Date+Ext.swift */ = {isa = PBXFileReference; lastKnownFileType = sourcecode.swift; path = "Date+Ext.swift"; sourceTree = "<group>"; };
		1BC1280E2B9D40390088BC26 /* CalendarElements.swift */ = {isa = PBXFileReference; lastKnownFileType = sourcecode.swift; path = CalendarElements.swift; sourceTree = "<group>"; };
		1BC128122B9D4F8F0088BC26 /* ChangeYearView.swift */ = {isa = PBXFileReference; lastKnownFileType = sourcecode.swift; path = ChangeYearView.swift; sourceTree = "<group>"; };
		1BD820172B97C1BE00AE3F6D /* README.md */ = {isa = PBXFileReference; lastKnownFileType = net.daringfireball.markdown; path = README.md; sourceTree = "<group>"; };
		1BDCAC412BB5DB3C00AEDF4E /* YearSummaryCompactView.swift */ = {isa = PBXFileReference; lastKnownFileType = sourcecode.swift; path = YearSummaryCompactView.swift; sourceTree = "<group>"; };
		1BDFF4AF2BACABAE00D14212 /* IncomeForm.swift */ = {isa = PBXFileReference; lastKnownFileType = sourcecode.swift; path = IncomeForm.swift; sourceTree = "<group>"; };
		1BDFF4B12BACAE5200D14212 /* CompactIncomeView.swift */ = {isa = PBXFileReference; lastKnownFileType = sourcecode.swift; path = CompactIncomeView.swift; sourceTree = "<group>"; };
		1BDFF4B32BACB25200D14212 /* DetailIncomeView.swift */ = {isa = PBXFileReference; lastKnownFileType = sourcecode.swift; path = DetailIncomeView.swift; sourceTree = "<group>"; };
		1BFD941F2BBAE85600D71C3D /* AddCategory.swift */ = {isa = PBXFileReference; lastKnownFileType = sourcecode.swift; path = AddCategory.swift; sourceTree = "<group>"; };
		1BFF2DA02BAEDD7500C5F529 /* OutcomeForm.swift */ = {isa = PBXFileReference; lastKnownFileType = sourcecode.swift; path = OutcomeForm.swift; sourceTree = "<group>"; };
		1BFF2DA22BAEEA6800C5F529 /* MonthSummaryCompactView.swift */ = {isa = PBXFileReference; lastKnownFileType = sourcecode.swift; path = MonthSummaryCompactView.swift; sourceTree = "<group>"; };
/* End PBXFileReference section */

/* Begin PBXFrameworksBuildPhase section */
		1B2D0EC82B91005B00BB4F73 /* Frameworks */ = {
			isa = PBXFrameworksBuildPhase;
			buildActionMask = 2147483647;
			files = (
			);
			runOnlyForDeploymentPostprocessing = 0;
		};
/* End PBXFrameworksBuildPhase section */

/* Begin PBXGroup section */
		1B2D0EC22B91005B00BB4F73 = {
			isa = PBXGroup;
			children = (
				1BD820172B97C1BE00AE3F6D /* README.md */,
				1BA23E422BB37EE9002B8D86 /* .gitignore */,
				1B2D0ECD2B91005C00BB4F73 /* EUR */,
				1B2D0ECC2B91005C00BB4F73 /* Products */,
			);
			sourceTree = "<group>";
		};
		1B2D0ECC2B91005C00BB4F73 /* Products */ = {
			isa = PBXGroup;
			children = (
				1B2D0ECB2B91005C00BB4F73 /* EUR.app */,
			);
			name = Products;
			sourceTree = "<group>";
		};
		1B2D0ECD2B91005C00BB4F73 /* EUR */ = {
			isa = PBXGroup;
			children = (
				1B2D0ECE2B91005C00BB4F73 /* EURApp.swift */,
				1BDCAC3F2BB5900100AEDF4E /* Views */,
				1BDFF4AF2BACABAE00D14212 /* IncomeForm.swift */,
				1B2D0EE82B910E6100BB4F73 /* Expense.swift */,
				1B8D66142B9A6BEB00B80B4D /* PermanentStorage.swift */,
				1B8D66162B9B322400B80B4D /* Array+Ext.swift */,
				1BC1280A2B9D34FE0088BC26 /* Date+Ext.swift */,
				1BC1280E2B9D40390088BC26 /* CalendarElements.swift */,
				1BA28D512BA6ECC100CA8841 /* CsvParsing.swift */,
				1BFF2DA02BAEDD7500C5F529 /* OutcomeForm.swift */,
				1B2D0ED22B91005D00BB4F73 /* Assets.xcassets */,
				1B2D0ED42B91005D00BB4F73 /* Preview Content */,
			);
			path = EUR;
			sourceTree = "<group>";
		};
		1B2D0ED42B91005D00BB4F73 /* Preview Content */ = {
			isa = PBXGroup;
			children = (
				1B2D0ED52B91005D00BB4F73 /* Preview Assets.xcassets */,
			);
			path = "Preview Content";
			sourceTree = "<group>";
		};
		1BDCAC3F2BB5900100AEDF4E /* Views */ = {
			isa = PBXGroup;
			children = (
				1BDCAC402BB5902900AEDF4E /* Compact views */,
				1B0714A22B925394000AA610 /* NewMovementFormView.swift */,
				1B0714A42B9253D4000AA610 /* SummaryView.swift */,
				1B2D0ED02B91005C00BB4F73 /* PrincepsView.swift */,
				1BC128122B9D4F8F0088BC26 /* ChangeYearView.swift */,
				1B43E4542BA31C460016AB7F /* DetailExpenseView.swift */,
				1BDFF4B32BACB25200D14212 /* DetailIncomeView.swift */,
				1B41B46D2BAE063600359F45 /* OutcomesIncomesView.swift */,
				1BFF2DA22BAEEA6800C5F529 /* MonthSummaryCompactView.swift */,
				1BDCAC412BB5DB3C00AEDF4E /* YearSummaryCompactView.swift */,
				1B05A50A2BB5DDC400C23E0F /* ChartsView.swift */,
				1B236BF82BB75AF0003BDD9C /* MonthListView.swift */,
				1B66A1322BA4C3FC005D2538 /* DevView.swift */,
				1BFD941F2BBAE85600D71C3D /* AddCategory.swift */,
				1B2A15CA2BBC1A470068EDED /* AccountView.swift */,
				1B83C9752BBC631600CB20EE /* EditOutcomeView.swift */,
			);
			path = Views;
			sourceTree = "<group>";
		};
		1BDCAC402BB5902900AEDF4E /* Compact views */ = {
			isa = PBXGroup;
			children = (
				1BDFF4B12BACAE5200D14212 /* CompactIncomeView.swift */,
				1B2D0EE42B9108CE00BB4F73 /* CompactExpenseView.swift */,
			);
			path = "Compact views";
			sourceTree = "<group>";
		};
/* End PBXGroup section */

/* Begin PBXNativeTarget section */
		1B2D0ECA2B91005B00BB4F73 /* EUR */ = {
			isa = PBXNativeTarget;
			buildConfigurationList = 1B2D0ED92B91005D00BB4F73 /* Build configuration list for PBXNativeTarget "EUR" */;
			buildPhases = (
				1B2D0EC72B91005B00BB4F73 /* Sources */,
				1B2D0EC82B91005B00BB4F73 /* Frameworks */,
				1B2D0EC92B91005B00BB4F73 /* Resources */,
			);
			buildRules = (
			);
			dependencies = (
			);
			name = EUR;
			productName = EUR;
			productReference = 1B2D0ECB2B91005C00BB4F73 /* EUR.app */;
			productType = "com.apple.product-type.application";
		};
/* End PBXNativeTarget section */

/* Begin PBXProject section */
		1B2D0EC32B91005B00BB4F73 /* Project object */ = {
			isa = PBXProject;
			attributes = {
				BuildIndependentTargetsInParallel = 1;
				LastSwiftUpdateCheck = 1420;
				LastUpgradeCheck = 1530;
				TargetAttributes = {
					1B2D0ECA2B91005B00BB4F73 = {
						CreatedOnToolsVersion = 14.2;
					};
				};
			};
			buildConfigurationList = 1B2D0EC62B91005B00BB4F73 /* Build configuration list for PBXProject "EUR" */;
			compatibilityVersion = "Xcode 14.0";
			developmentRegion = it;
			hasScannedForEncodings = 0;
			knownRegions = (
				en,
				it,
				Base,
			);
			mainGroup = 1B2D0EC22B91005B00BB4F73;
			productRefGroup = 1B2D0ECC2B91005C00BB4F73 /* Products */;
			projectDirPath = "";
			projectRoot = "";
			targets = (
				1B2D0ECA2B91005B00BB4F73 /* EUR */,
			);
		};
/* End PBXProject section */

/* Begin PBXResourcesBuildPhase section */
		1B2D0EC92B91005B00BB4F73 /* Resources */ = {
			isa = PBXResourcesBuildPhase;
			buildActionMask = 2147483647;
			files = (
				1B2D0ED62B91005D00BB4F73 /* Preview Assets.xcassets in Resources */,
				1BA23E432BB37EE9002B8D86 /* .gitignore in Resources */,
				1B2D0ED32B91005D00BB4F73 /* Assets.xcassets in Resources */,
			);
			runOnlyForDeploymentPostprocessing = 0;
		};
/* End PBXResourcesBuildPhase section */

/* Begin PBXSourcesBuildPhase section */
		1B2D0EC72B91005B00BB4F73 /* Sources */ = {
			isa = PBXSourcesBuildPhase;
			buildActionMask = 2147483647;
			files = (
				1BDFF4B22BACAE5200D14212 /* CompactIncomeView.swift in Sources */,
				1BFF2DA32BAEEA6800C5F529 /* MonthSummaryCompactView.swift in Sources */,
				1B2D0EE92B910E6100BB4F73 /* Expense.swift in Sources */,
				1B83C9762BBC631600CB20EE /* EditOutcomeView.swift in Sources */,
				1B66A1332BA4C3FC005D2538 /* DevView.swift in Sources */,
				1B0714A52B9253D4000AA610 /* SummaryView.swift in Sources */,
				1B43E4552BA31C460016AB7F /* DetailExpenseView.swift in Sources */,
				1B2D0ED12B91005C00BB4F73 /* PrincepsView.swift in Sources */,
				1B0714A32B925394000AA610 /* NewMovementFormView.swift in Sources */,
				1BC1280F2B9D40390088BC26 /* CalendarElements.swift in Sources */,
				1BC1280B2B9D34FE0088BC26 /* Date+Ext.swift in Sources */,
				1B2D0EE52B9108CE00BB4F73 /* CompactExpenseView.swift in Sources */,
				1B8D66172B9B322400B80B4D /* Array+Ext.swift in Sources */,
				1B41B46E2BAE063600359F45 /* OutcomesIncomesView.swift in Sources */,
				1BDCAC422BB5DB3C00AEDF4E /* YearSummaryCompactView.swift in Sources */,
				1B8D66152B9A6BEB00B80B4D /* PermanentStorage.swift in Sources */,
				1B05A50B2BB5DDC400C23E0F /* ChartsView.swift in Sources */,
				1BFF2DA12BAEDD7500C5F529 /* OutcomeForm.swift in Sources */,
				1B2D0ECF2B91005C00BB4F73 /* EURApp.swift in Sources */,
				1B236BF92BB75AF0003BDD9C /* MonthListView.swift in Sources */,
				1B2A15CB2BBC1A470068EDED /* AccountView.swift in Sources */,
				1BA28D522BA6ECC100CA8841 /* CsvParsing.swift in Sources */,
				1BFD94202BBAE85600D71C3D /* AddCategory.swift in Sources */,
				1BDFF4B02BACABAE00D14212 /* IncomeForm.swift in Sources */,
				1BDFF4B42BACB25200D14212 /* DetailIncomeView.swift in Sources */,
				1BC128132B9D4F8F0088BC26 /* ChangeYearView.swift in Sources */,
			);
			runOnlyForDeploymentPostprocessing = 0;
		};
/* End PBXSourcesBuildPhase section */

/* Begin XCBuildConfiguration section */
		1B2D0ED72B91005D00BB4F73 /* Debug */ = {
			isa = XCBuildConfiguration;
			buildSettings = {
				ALWAYS_SEARCH_USER_PATHS = NO;
				ASSETCATALOG_COMPILER_GENERATE_SWIFT_ASSET_SYMBOL_EXTENSIONS = YES;
				CLANG_ANALYZER_LOCALIZABILITY_NONLOCALIZED = YES;
				CLANG_ANALYZER_NONNULL = YES;
				CLANG_ANALYZER_NUMBER_OBJECT_CONVERSION = YES_AGGRESSIVE;
				CLANG_CXX_LANGUAGE_STANDARD = "gnu++20";
				CLANG_ENABLE_MODULES = YES;
				CLANG_ENABLE_OBJC_ARC = YES;
				CLANG_ENABLE_OBJC_WEAK = YES;
				CLANG_WARN_BLOCK_CAPTURE_AUTORELEASING = YES;
				CLANG_WARN_BOOL_CONVERSION = YES;
				CLANG_WARN_COMMA = YES;
				CLANG_WARN_CONSTANT_CONVERSION = YES;
				CLANG_WARN_DEPRECATED_OBJC_IMPLEMENTATIONS = YES;
				CLANG_WARN_DIRECT_OBJC_ISA_USAGE = YES_ERROR;
				CLANG_WARN_DOCUMENTATION_COMMENTS = YES;
				CLANG_WARN_EMPTY_BODY = YES;
				CLANG_WARN_ENUM_CONVERSION = YES;
				CLANG_WARN_INFINITE_RECURSION = YES;
				CLANG_WARN_INT_CONVERSION = YES;
				CLANG_WARN_NON_LITERAL_NULL_CONVERSION = YES;
				CLANG_WARN_OBJC_IMPLICIT_RETAIN_SELF = YES;
				CLANG_WARN_OBJC_LITERAL_CONVERSION = YES;
				CLANG_WARN_OBJC_ROOT_CLASS = YES_ERROR;
				CLANG_WARN_QUOTED_INCLUDE_IN_FRAMEWORK_HEADER = YES;
				CLANG_WARN_RANGE_LOOP_ANALYSIS = YES;
				CLANG_WARN_STRICT_PROTOTYPES = YES;
				CLANG_WARN_SUSPICIOUS_MOVE = YES;
				CLANG_WARN_UNGUARDED_AVAILABILITY = YES_AGGRESSIVE;
				CLANG_WARN_UNREACHABLE_CODE = YES;
				CLANG_WARN__DUPLICATE_METHOD_MATCH = YES;
				COPY_PHASE_STRIP = NO;
				DEBUG_INFORMATION_FORMAT = dwarf;
				ENABLE_STRICT_OBJC_MSGSEND = YES;
				ENABLE_TESTABILITY = YES;
				ENABLE_USER_SCRIPT_SANDBOXING = YES;
				GCC_C_LANGUAGE_STANDARD = gnu11;
				GCC_DYNAMIC_NO_PIC = NO;
				GCC_NO_COMMON_BLOCKS = YES;
				GCC_OPTIMIZATION_LEVEL = 0;
				GCC_PREPROCESSOR_DEFINITIONS = (
					"DEBUG=1",
					"$(inherited)",
				);
				GCC_WARN_64_TO_32_BIT_CONVERSION = YES;
				GCC_WARN_ABOUT_RETURN_TYPE = YES_ERROR;
				GCC_WARN_UNDECLARED_SELECTOR = YES;
				GCC_WARN_UNINITIALIZED_AUTOS = YES_AGGRESSIVE;
				GCC_WARN_UNUSED_FUNCTION = YES;
				GCC_WARN_UNUSED_VARIABLE = YES;
				IPHONEOS_DEPLOYMENT_TARGET = 17.0;
				MTL_ENABLE_DEBUG_INFO = INCLUDE_SOURCE;
				MTL_FAST_MATH = YES;
				ONLY_ACTIVE_ARCH = YES;
				SDKROOT = iphoneos;
				SWIFT_ACTIVE_COMPILATION_CONDITIONS = DEBUG;
				SWIFT_OPTIMIZATION_LEVEL = "-Onone";
			};
			name = Debug;
		};
		1B2D0ED82B91005D00BB4F73 /* Release */ = {
			isa = XCBuildConfiguration;
			buildSettings = {
				ALWAYS_SEARCH_USER_PATHS = NO;
				ASSETCATALOG_COMPILER_GENERATE_SWIFT_ASSET_SYMBOL_EXTENSIONS = YES;
				CLANG_ANALYZER_LOCALIZABILITY_NONLOCALIZED = YES;
				CLANG_ANALYZER_NONNULL = YES;
				CLANG_ANALYZER_NUMBER_OBJECT_CONVERSION = YES_AGGRESSIVE;
				CLANG_CXX_LANGUAGE_STANDARD = "gnu++20";
				CLANG_ENABLE_MODULES = YES;
				CLANG_ENABLE_OBJC_ARC = YES;
				CLANG_ENABLE_OBJC_WEAK = YES;
				CLANG_WARN_BLOCK_CAPTURE_AUTORELEASING = YES;
				CLANG_WARN_BOOL_CONVERSION = YES;
				CLANG_WARN_COMMA = YES;
				CLANG_WARN_CONSTANT_CONVERSION = YES;
				CLANG_WARN_DEPRECATED_OBJC_IMPLEMENTATIONS = YES;
				CLANG_WARN_DIRECT_OBJC_ISA_USAGE = YES_ERROR;
				CLANG_WARN_DOCUMENTATION_COMMENTS = YES;
				CLANG_WARN_EMPTY_BODY = YES;
				CLANG_WARN_ENUM_CONVERSION = YES;
				CLANG_WARN_INFINITE_RECURSION = YES;
				CLANG_WARN_INT_CONVERSION = YES;
				CLANG_WARN_NON_LITERAL_NULL_CONVERSION = YES;
				CLANG_WARN_OBJC_IMPLICIT_RETAIN_SELF = YES;
				CLANG_WARN_OBJC_LITERAL_CONVERSION = YES;
				CLANG_WARN_OBJC_ROOT_CLASS = YES_ERROR;
				CLANG_WARN_QUOTED_INCLUDE_IN_FRAMEWORK_HEADER = YES;
				CLANG_WARN_RANGE_LOOP_ANALYSIS = YES;
				CLANG_WARN_STRICT_PROTOTYPES = YES;
				CLANG_WARN_SUSPICIOUS_MOVE = YES;
				CLANG_WARN_UNGUARDED_AVAILABILITY = YES_AGGRESSIVE;
				CLANG_WARN_UNREACHABLE_CODE = YES;
				CLANG_WARN__DUPLICATE_METHOD_MATCH = YES;
				COPY_PHASE_STRIP = NO;
				DEBUG_INFORMATION_FORMAT = "dwarf-with-dsym";
				ENABLE_NS_ASSERTIONS = NO;
				ENABLE_STRICT_OBJC_MSGSEND = YES;
				ENABLE_USER_SCRIPT_SANDBOXING = YES;
				GCC_C_LANGUAGE_STANDARD = gnu11;
				GCC_NO_COMMON_BLOCKS = YES;
				GCC_WARN_64_TO_32_BIT_CONVERSION = YES;
				GCC_WARN_ABOUT_RETURN_TYPE = YES_ERROR;
				GCC_WARN_UNDECLARED_SELECTOR = YES;
				GCC_WARN_UNINITIALIZED_AUTOS = YES_AGGRESSIVE;
				GCC_WARN_UNUSED_FUNCTION = YES;
				GCC_WARN_UNUSED_VARIABLE = YES;
				IPHONEOS_DEPLOYMENT_TARGET = 17.0;
				MTL_ENABLE_DEBUG_INFO = NO;
				MTL_FAST_MATH = YES;
				SDKROOT = iphoneos;
				SWIFT_COMPILATION_MODE = wholemodule;
				SWIFT_OPTIMIZATION_LEVEL = "-O";
				VALIDATE_PRODUCT = YES;
			};
			name = Release;
		};
		1B2D0EDA2B91005D00BB4F73 /* Debug */ = {
			isa = XCBuildConfiguration;
			buildSettings = {
				ASSETCATALOG_COMPILER_APPICON_NAME = AppIcon;
				ASSETCATALOG_COMPILER_GLOBAL_ACCENT_COLOR_NAME = AccentColor;
				CODE_SIGN_STYLE = Automatic;
				CURRENT_PROJECT_VERSION = 1;
				DEVELOPMENT_ASSET_PATHS = "\"EUR/Preview Content\"";
				DEVELOPMENT_TEAM = 9UG66K2UHZ;
				ENABLE_PREVIEWS = YES;
				GENERATE_INFOPLIST_FILE = YES;
				INFOPLIST_KEY_LSApplicationCategoryType = "public.app-category.finance";
				INFOPLIST_KEY_UIApplicationSceneManifest_Generation = YES;
				INFOPLIST_KEY_UIApplicationSupportsIndirectInputEvents = YES;
				INFOPLIST_KEY_UILaunchScreen_Generation = YES;
				INFOPLIST_KEY_UIStatusBarStyle = "";
				INFOPLIST_KEY_UISupportedInterfaceOrientations = UIInterfaceOrientationPortrait;
				INFOPLIST_KEY_UISupportedInterfaceOrientations_iPad = "UIInterfaceOrientationLandscapeLeft UIInterfaceOrientationLandscapeRight UIInterfaceOrientationPortrait UIInterfaceOrientationPortraitUpsideDown";
				LD_RUNPATH_SEARCH_PATHS = (
					"$(inherited)",
					"@executable_path/Frameworks",
				);
				MARKETING_VERSION = 1.0;
				PRODUCT_BUNDLE_IDENTIFIER = pancake.EUR;
				PRODUCT_NAME = "$(TARGET_NAME)";
				SWIFT_EMIT_LOC_STRINGS = YES;
				SWIFT_VERSION = 5.0;
				TARGETED_DEVICE_FAMILY = "1,2";
			};
			name = Debug;
		};
		1B2D0EDB2B91005D00BB4F73 /* Release */ = {
			isa = XCBuildConfiguration;
			buildSettings = {
				ASSETCATALOG_COMPILER_APPICON_NAME = AppIcon;
				ASSETCATALOG_COMPILER_GLOBAL_ACCENT_COLOR_NAME = AccentColor;
				CODE_SIGN_STYLE = Automatic;
				CURRENT_PROJECT_VERSION = 1;
				DEVELOPMENT_ASSET_PATHS = "\"EUR/Preview Content\"";
				DEVELOPMENT_TEAM = 9UG66K2UHZ;
				ENABLE_PREVIEWS = YES;
				GENERATE_INFOPLIST_FILE = YES;
				INFOPLIST_KEY_LSApplicationCategoryType = "public.app-category.finance";
				INFOPLIST_KEY_UIApplicationSceneManifest_Generation = YES;
				INFOPLIST_KEY_UIApplicationSupportsIndirectInputEvents = YES;
				INFOPLIST_KEY_UILaunchScreen_Generation = YES;
				INFOPLIST_KEY_UIStatusBarStyle = "";
				INFOPLIST_KEY_UISupportedInterfaceOrientations = UIInterfaceOrientationPortrait;
				INFOPLIST_KEY_UISupportedInterfaceOrientations_iPad = "UIInterfaceOrientationLandscapeLeft UIInterfaceOrientationLandscapeRight UIInterfaceOrientationPortrait UIInterfaceOrientationPortraitUpsideDown";
				LD_RUNPATH_SEARCH_PATHS = (
					"$(inherited)",
					"@executable_path/Frameworks",
				);
				MARKETING_VERSION = 1.0;
				PRODUCT_BUNDLE_IDENTIFIER = pancake.EUR;
				PRODUCT_NAME = "$(TARGET_NAME)";
				SWIFT_EMIT_LOC_STRINGS = YES;
				SWIFT_VERSION = 5.0;
				TARGETED_DEVICE_FAMILY = "1,2";
			};
			name = Release;
		};
/* End XCBuildConfiguration section */

/* Begin XCConfigurationList section */
		1B2D0EC62B91005B00BB4F73 /* Build configuration list for PBXProject "EUR" */ = {
			isa = XCConfigurationList;
			buildConfigurations = (
				1B2D0ED72B91005D00BB4F73 /* Debug */,
				1B2D0ED82B91005D00BB4F73 /* Release */,
			);
			defaultConfigurationIsVisible = 0;
			defaultConfigurationName = Release;
		};
		1B2D0ED92B91005D00BB4F73 /* Build configuration list for PBXNativeTarget "EUR" */ = {
			isa = XCConfigurationList;
			buildConfigurations = (
				1B2D0EDA2B91005D00BB4F73 /* Debug */,
				1B2D0EDB2B91005D00BB4F73 /* Release */,
			);
			defaultConfigurationIsVisible = 0;
			defaultConfigurationName = Release;
		};
/* End XCConfigurationList section */
	};
	rootObject = 1B2D0EC32B91005B00BB4F73 /* Project object */;
}
